
Microsoft Visual Studio Solution File, Format Version 12.00
# Visual Studio Version 17
VisualStudioVersion = 17.3.32922.545
MinimumVisualStudioVersion = 10.0.40219.1
Project("{FAE04EC0-301F-11D3-BF4B-00C04F79EFBC}") = "Jigang-John", "Jigang-John\Jigang-John.csproj", "{266731CC-2409-4516-980B-00F9F550FEEF}"
EndProject
Global
	GlobalSection(SolutionConfigurationPlatforms) = preSolution
		Debug|Any CPU = Debug|Any CPU
		Release|Any CPU = Release|Any CPU
	EndGlobalSection
	GlobalSection(ProjectConfigurationPlatforms) = postSolution
		{266731CC-2409-4516-980B-00F9F550FEEF}.Debug|Any CPU.ActiveCfg = Debug|Any CPU
		{266731CC-2409-4516-980B-00F9F550FEEF}.Debug|Any CPU.Build.0 = Debug|Any CPU
		{266731CC-2409-4516-980B-00F9F550FEEF}.Release|Any CPU.ActiveCfg = Release|Any CPU
		{266731CC-2409-4516-980B-00F9F550FEEF}.Release|Any CPU.Build.0 = Release|Any CPU
	EndGlobalSection
	GlobalSection(SolutionProperties) = preSolution
		HideSolutionNode = FALSE
	EndGlobalSection
	GlobalSection(ExtensibilityGlobals) = postSolution
		SolutionGuid = {90745742-73F9-4DDD-9FC6-2D89C9F5CBE3}
	EndGlobalSection
EndGlobal
